// !$*UTF8*$!
{
	archiveVersion = 1;
	classes = {
	};
	objectVersion = 46;
	objects = {

/* Begin PBXBuildFile section */
		53389305BF35CA4D3908F19E /* Pods_ToDoList_ToDoListTests.framework in Frameworks */ = {isa = PBXBuildFile; fileRef = 799B6922723DDEF1ED7EC993 /* Pods_ToDoList_ToDoListTests.framework */; };
		65088BC21DD1C61A00B37BDA /* main.m in Sources */ = {isa = PBXBuildFile; fileRef = 65088BC11DD1C61A00B37BDA /* main.m */; };
		65088BC51DD1C61A00B37BDA /* AppDelegate.m in Sources */ = {isa = PBXBuildFile; fileRef = 65088BC41DD1C61A00B37BDA /* AppDelegate.m */; };
		65088BC81DD1C61A00B37BDA /* ToDoListMainController.m in Sources */ = {isa = PBXBuildFile; fileRef = 65088BC71DD1C61A00B37BDA /* ToDoListMainController.m */; };
		65088BCB1DD1C61A00B37BDA /* ToDoListMainStoryboard.storyboard in Resources */ = {isa = PBXBuildFile; fileRef = 65088BC91DD1C61A00B37BDA /* ToDoListMainStoryboard.storyboard */; };
		65088BCD1DD1C61A00B37BDA /* Assets.xcassets in Resources */ = {isa = PBXBuildFile; fileRef = 65088BCC1DD1C61A00B37BDA /* Assets.xcassets */; };
		65088BDB1DD1C61A00B37BDA /* ToDoListTests.m in Sources */ = {isa = PBXBuildFile; fileRef = 65088BDA1DD1C61A00B37BDA /* ToDoListTests.m */; };
		65088BE61DD1C61A00B37BDA /* ToDoListUITests.m in Sources */ = {isa = PBXBuildFile; fileRef = 65088BE51DD1C61A00B37BDA /* ToDoListUITests.m */; };
		65088C001DD2A6E900B37BDA /* ToDoItemCell.xib in Resources */ = {isa = PBXBuildFile; fileRef = 65088BFF1DD2A6E900B37BDA /* ToDoItemCell.xib */; };
		657A79381DD2D51700C8585B /* ToDoItemCell.h in Sources */ = {isa = PBXBuildFile; fileRef = 657A79371DD2D51700C8585B /* ToDoItemCell.h */; };
		657A793A1DD2D58900C8585B /* ToDoItemCell.m in Sources */ = {isa = PBXBuildFile; fileRef = 657A79391DD2D58900C8585B /* ToDoItemCell.m */; };
		657A793C1DD2EC3100C8585B /* ToDoListItemEntity.h in Sources */ = {isa = PBXBuildFile; fileRef = 657A793B1DD2EC3100C8585B /* ToDoListItemEntity.h */; };
		657A793E1DD2EC6B00C8585B /* ToDoListItemEntity.m in Sources */ = {isa = PBXBuildFile; fileRef = 657A793D1DD2EC6B00C8585B /* ToDoListItemEntity.m */; };
		657A79401DD2F36C00C8585B /* ToDoListStore.h in Sources */ = {isa = PBXBuildFile; fileRef = 657A793F1DD2F36C00C8585B /* ToDoListStore.h */; };
		657A79421DD2F3E200C8585B /* ToDoListStore.m in Sources */ = {isa = PBXBuildFile; fileRef = 657A79411DD2F3E200C8585B /* ToDoListStore.m */; };
		657A79461DD2F47000C8585B /* ReamlStoreBase.m in Sources */ = {isa = PBXBuildFile; fileRef = 657A79451DD2F47000C8585B /* ReamlStoreBase.m */; };
		657A79481DD2F83E00C8585B /* ToDoListService.h in Sources */ = {isa = PBXBuildFile; fileRef = 657A79471DD2F83E00C8585B /* ToDoListService.h */; };
		657A794A1DD2F8DB00C8585B /* ToDoListService.m in Sources */ = {isa = PBXBuildFile; fileRef = 657A79491DD2F8DB00C8585B /* ToDoListService.m */; };
		65FE94E81DD2B8AA00BEF24C /* AddItemViewController.m in Sources */ = {isa = PBXBuildFile; fileRef = 65FE94E71DD2B8AA00BEF24C /* AddItemViewController.m */; };
		8EEFA485D59E0465A1E117AE /* Pods_ToDoList_ToDoListUITests.framework in Frameworks */ = {isa = PBXBuildFile; fileRef = CE64204C0A17E9CDFD09CA53 /* Pods_ToDoList_ToDoListUITests.framework */; };
		F0564E689AACAF93ABC058BD /* Pods_ToDoList.framework in Frameworks */ = {isa = PBXBuildFile; fileRef = 345B7F09FBF4C00AC0D8BE72 /* Pods_ToDoList.framework */; };
/* End PBXBuildFile section */

/* Begin PBXContainerItemProxy section */
		65088BD71DD1C61A00B37BDA /* PBXContainerItemProxy */ = {
			isa = PBXContainerItemProxy;
			containerPortal = 65088BB51DD1C61A00B37BDA /* Project object */;
			proxyType = 1;
			remoteGlobalIDString = 65088BBC1DD1C61A00B37BDA;
			remoteInfo = ToDoList;
		};
		65088BE21DD1C61A00B37BDA /* PBXContainerItemProxy */ = {
			isa = PBXContainerItemProxy;
			containerPortal = 65088BB51DD1C61A00B37BDA /* Project object */;
			proxyType = 1;
			remoteGlobalIDString = 65088BBC1DD1C61A00B37BDA;
			remoteInfo = ToDoList;
		};
/* End PBXContainerItemProxy section */

/* Begin PBXFileReference section */
		07A1AC47024488742745CE5A /* Pods-ToDoList.release.xcconfig */ = {isa = PBXFileReference; includeInIndex = 1; lastKnownFileType = text.xcconfig; name = "Pods-ToDoList.release.xcconfig"; path = "Pods/Target Support Files/Pods-ToDoList/Pods-ToDoList.release.xcconfig"; sourceTree = "<group>"; };
		1CB55D2669E0BBE0393DE9FE /* Pods-ToDoList-ToDoListUITests.debug.xcconfig */ = {isa = PBXFileReference; includeInIndex = 1; lastKnownFileType = text.xcconfig; name = "Pods-ToDoList-ToDoListUITests.debug.xcconfig"; path = "Pods/Target Support Files/Pods-ToDoList-ToDoListUITests/Pods-ToDoList-ToDoListUITests.debug.xcconfig"; sourceTree = "<group>"; };
		345B7F09FBF4C00AC0D8BE72 /* Pods_ToDoList.framework */ = {isa = PBXFileReference; explicitFileType = wrapper.framework; includeInIndex = 0; path = Pods_ToDoList.framework; sourceTree = BUILT_PRODUCTS_DIR; };
		4DA823B0C8E48B0ADC3A8096 /* Pods-ToDoList-ToDoListUITests.release.xcconfig */ = {isa = PBXFileReference; includeInIndex = 1; lastKnownFileType = text.xcconfig; name = "Pods-ToDoList-ToDoListUITests.release.xcconfig"; path = "Pods/Target Support Files/Pods-ToDoList-ToDoListUITests/Pods-ToDoList-ToDoListUITests.release.xcconfig"; sourceTree = "<group>"; };
		582D1512B519D21A31BFCF37 /* Pods-ToDoList-ToDoListTests.debug.xcconfig */ = {isa = PBXFileReference; includeInIndex = 1; lastKnownFileType = text.xcconfig; name = "Pods-ToDoList-ToDoListTests.debug.xcconfig"; path = "Pods/Target Support Files/Pods-ToDoList-ToDoListTests/Pods-ToDoList-ToDoListTests.debug.xcconfig"; sourceTree = "<group>"; };
		65088BBD1DD1C61A00B37BDA /* ToDoList.app */ = {isa = PBXFileReference; explicitFileType = wrapper.application; includeInIndex = 0; path = ToDoList.app; sourceTree = BUILT_PRODUCTS_DIR; };
		65088BC11DD1C61A00B37BDA /* main.m */ = {isa = PBXFileReference; lastKnownFileType = sourcecode.c.objc; path = main.m; sourceTree = "<group>"; };
		65088BC31DD1C61A00B37BDA /* AppDelegate.h */ = {isa = PBXFileReference; lastKnownFileType = sourcecode.c.h; path = AppDelegate.h; sourceTree = "<group>"; };
		65088BC41DD1C61A00B37BDA /* AppDelegate.m */ = {isa = PBXFileReference; lastKnownFileType = sourcecode.c.objc; path = AppDelegate.m; sourceTree = "<group>"; };
		65088BC61DD1C61A00B37BDA /* ToDoListMainController.h */ = {isa = PBXFileReference; lastKnownFileType = sourcecode.c.h; path = ToDoListMainController.h; sourceTree = "<group>"; };
		65088BC71DD1C61A00B37BDA /* ToDoListMainController.m */ = {isa = PBXFileReference; lastKnownFileType = sourcecode.c.objc; path = ToDoListMainController.m; sourceTree = "<group>"; };
		65088BCA1DD1C61A00B37BDA /* Base */ = {isa = PBXFileReference; lastKnownFileType = file.storyboard; name = Base; path = Base.lproj/ToDoListMainStoryboard.storyboard; sourceTree = "<group>"; };
		65088BCC1DD1C61A00B37BDA /* Assets.xcassets */ = {isa = PBXFileReference; lastKnownFileType = folder.assetcatalog; path = Assets.xcassets; sourceTree = "<group>"; };
		65088BD11DD1C61A00B37BDA /* Info.plist */ = {isa = PBXFileReference; lastKnownFileType = text.plist.xml; path = Info.plist; sourceTree = "<group>"; };
		65088BD61DD1C61A00B37BDA /* ToDoListTests.xctest */ = {isa = PBXFileReference; explicitFileType = wrapper.cfbundle; includeInIndex = 0; path = ToDoListTests.xctest; sourceTree = BUILT_PRODUCTS_DIR; };
		65088BDA1DD1C61A00B37BDA /* ToDoListTests.m */ = {isa = PBXFileReference; lastKnownFileType = sourcecode.c.objc; path = ToDoListTests.m; sourceTree = "<group>"; };
		65088BDC1DD1C61A00B37BDA /* Info.plist */ = {isa = PBXFileReference; lastKnownFileType = text.plist.xml; path = Info.plist; sourceTree = "<group>"; };
		65088BE11DD1C61A00B37BDA /* ToDoListUITests.xctest */ = {isa = PBXFileReference; explicitFileType = wrapper.cfbundle; includeInIndex = 0; path = ToDoListUITests.xctest; sourceTree = BUILT_PRODUCTS_DIR; };
		65088BE51DD1C61A00B37BDA /* ToDoListUITests.m */ = {isa = PBXFileReference; lastKnownFileType = sourcecode.c.objc; path = ToDoListUITests.m; sourceTree = "<group>"; };
		65088BE71DD1C61A00B37BDA /* Info.plist */ = {isa = PBXFileReference; lastKnownFileType = text.plist.xml; path = Info.plist; sourceTree = "<group>"; };
		65088BFF1DD2A6E900B37BDA /* ToDoItemCell.xib */ = {isa = PBXFileReference; fileEncoding = 4; lastKnownFileType = file.xib; path = ToDoItemCell.xib; sourceTree = "<group>"; };
		657A79371DD2D51700C8585B /* ToDoItemCell.h */ = {isa = PBXFileReference; fileEncoding = 4; lastKnownFileType = sourcecode.c.h; path = ToDoItemCell.h; sourceTree = "<group>"; };
		657A79391DD2D58900C8585B /* ToDoItemCell.m */ = {isa = PBXFileReference; fileEncoding = 4; lastKnownFileType = sourcecode.c.objc; path = ToDoItemCell.m; sourceTree = "<group>"; };
		657A793B1DD2EC3100C8585B /* ToDoListItemEntity.h */ = {isa = PBXFileReference; fileEncoding = 4; lastKnownFileType = sourcecode.c.h; path = ToDoListItemEntity.h; sourceTree = "<group>"; };
		657A793D1DD2EC6B00C8585B /* ToDoListItemEntity.m */ = {isa = PBXFileReference; fileEncoding = 4; lastKnownFileType = sourcecode.c.objc; path = ToDoListItemEntity.m; sourceTree = "<group>"; };
		657A793F1DD2F36C00C8585B /* ToDoListStore.h */ = {isa = PBXFileReference; fileEncoding = 4; lastKnownFileType = sourcecode.c.h; path = ToDoListStore.h; sourceTree = "<group>"; };
		657A79411DD2F3E200C8585B /* ToDoListStore.m */ = {isa = PBXFileReference; fileEncoding = 4; lastKnownFileType = sourcecode.c.objc; path = ToDoListStore.m; sourceTree = "<group>"; };
		657A79441DD2F46600C8585B /* ReamlStoreBase.h */ = {isa = PBXFileReference; lastKnownFileType = sourcecode.c.h; path = ReamlStoreBase.h; sourceTree = "<group>"; };
		657A79451DD2F47000C8585B /* ReamlStoreBase.m */ = {isa = PBXFileReference; fileEncoding = 4; lastKnownFileType = sourcecode.c.objc; path = ReamlStoreBase.m; sourceTree = "<group>"; };
		657A79471DD2F83E00C8585B /* ToDoListService.h */ = {isa = PBXFileReference; fileEncoding = 4; lastKnownFileType = sourcecode.c.h; path = ToDoListService.h; sourceTree = "<group>"; };
		657A79491DD2F8DB00C8585B /* ToDoListService.m */ = {isa = PBXFileReference; fileEncoding = 4; lastKnownFileType = sourcecode.c.objc; path = ToDoListService.m; sourceTree = "<group>"; };
		65FE94E61DD2B85900BEF24C /* AddItemViewController.h */ = {isa = PBXFileReference; fileEncoding = 4; lastKnownFileType = sourcecode.c.h; path = AddItemViewController.h; sourceTree = "<group>"; };
		65FE94E71DD2B8AA00BEF24C /* AddItemViewController.m */ = {isa = PBXFileReference; fileEncoding = 4; lastKnownFileType = sourcecode.c.objc; path = AddItemViewController.m; sourceTree = "<group>"; };
		799B6922723DDEF1ED7EC993 /* Pods_ToDoList_ToDoListTests.framework */ = {isa = PBXFileReference; explicitFileType = wrapper.framework; includeInIndex = 0; path = Pods_ToDoList_ToDoListTests.framework; sourceTree = BUILT_PRODUCTS_DIR; };
		89134ACF2B4DA2992141F1FE /* Pods-ToDoList-ToDoListTests.release.xcconfig */ = {isa = PBXFileReference; includeInIndex = 1; lastKnownFileType = text.xcconfig; name = "Pods-ToDoList-ToDoListTests.release.xcconfig"; path = "Pods/Target Support Files/Pods-ToDoList-ToDoListTests/Pods-ToDoList-ToDoListTests.release.xcconfig"; sourceTree = "<group>"; };
		CE64204C0A17E9CDFD09CA53 /* Pods_ToDoList_ToDoListUITests.framework */ = {isa = PBXFileReference; explicitFileType = wrapper.framework; includeInIndex = 0; path = Pods_ToDoList_ToDoListUITests.framework; sourceTree = BUILT_PRODUCTS_DIR; };
		F5305C6945C710B442254564 /* Pods-ToDoList.debug.xcconfig */ = {isa = PBXFileReference; includeInIndex = 1; lastKnownFileType = text.xcconfig; name = "Pods-ToDoList.debug.xcconfig"; path = "Pods/Target Support Files/Pods-ToDoList/Pods-ToDoList.debug.xcconfig"; sourceTree = "<group>"; };
/* End PBXFileReference section */

/* Begin PBXFrameworksBuildPhase section */
		65088BBA1DD1C61A00B37BDA /* Frameworks */ = {
			isa = PBXFrameworksBuildPhase;
			buildActionMask = 2147483647;
			files = (
				F0564E689AACAF93ABC058BD /* Pods_ToDoList.framework in Frameworks */,
			);
			runOnlyForDeploymentPostprocessing = 0;
		};
		65088BD31DD1C61A00B37BDA /* Frameworks */ = {
			isa = PBXFrameworksBuildPhase;
			buildActionMask = 2147483647;
			files = (
				53389305BF35CA4D3908F19E /* Pods_ToDoList_ToDoListTests.framework in Frameworks */,
			);
			runOnlyForDeploymentPostprocessing = 0;
		};
		65088BDE1DD1C61A00B37BDA /* Frameworks */ = {
			isa = PBXFrameworksBuildPhase;
			buildActionMask = 2147483647;
			files = (
				8EEFA485D59E0465A1E117AE /* Pods_ToDoList_ToDoListUITests.framework in Frameworks */,
			);
			runOnlyForDeploymentPostprocessing = 0;
		};
/* End PBXFrameworksBuildPhase section */

/* Begin PBXGroup section */
		65088BB41DD1C61A00B37BDA = {
			isa = PBXGroup;
			children = (
				65088BBF1DD1C61A00B37BDA /* ToDoList */,
				65088BD91DD1C61A00B37BDA /* ToDoListTests */,
				65088BE41DD1C61A00B37BDA /* ToDoListUITests */,
				65088BBE1DD1C61A00B37BDA /* Products */,
				7FE84A42B19CECE24D1EC171 /* Pods */,
				9B104E670906961688066E5B /* Frameworks */,
			);
			sourceTree = "<group>";
		};
		65088BBE1DD1C61A00B37BDA /* Products */ = {
			isa = PBXGroup;
			children = (
				65088BBD1DD1C61A00B37BDA /* ToDoList.app */,
				65088BD61DD1C61A00B37BDA /* ToDoListTests.xctest */,
				65088BE11DD1C61A00B37BDA /* ToDoListUITests.xctest */,
			);
			name = Products;
			sourceTree = "<group>";
		};
		65088BBF1DD1C61A00B37BDA /* ToDoList */ = {
			isa = PBXGroup;
			children = (
				65088BF31DD1CA0600B37BDA /* Controls */,
				65088BF41DD1CA1600B37BDA /* Models */,
				65088BF51DD1CA2200B37BDA /* Services */,
				65088BF61DD1CB6300B37BDA /* Stores */,
				65088BF71DD1CB8800B37BDA /* Views */,
				65088BC31DD1C61A00B37BDA /* AppDelegate.h */,
				65088BC41DD1C61A00B37BDA /* AppDelegate.m */,
				65088BD11DD1C61A00B37BDA /* Info.plist */,
				65088BCC1DD1C61A00B37BDA /* Assets.xcassets */,
				65088BC01DD1C61A00B37BDA /* Supporting Files */,
			);
			path = ToDoList;
			sourceTree = "<group>";
		};
		65088BC01DD1C61A00B37BDA /* Supporting Files */ = {
			isa = PBXGroup;
			children = (
				65088BC11DD1C61A00B37BDA /* main.m */,
			);
			name = "Supporting Files";
			sourceTree = "<group>";
		};
		65088BD91DD1C61A00B37BDA /* ToDoListTests */ = {
			isa = PBXGroup;
			children = (
				65088BDA1DD1C61A00B37BDA /* ToDoListTests.m */,
				65088BDC1DD1C61A00B37BDA /* Info.plist */,
			);
			path = ToDoListTests;
			sourceTree = "<group>";
		};
		65088BE41DD1C61A00B37BDA /* ToDoListUITests */ = {
			isa = PBXGroup;
			children = (
				65088BE51DD1C61A00B37BDA /* ToDoListUITests.m */,
				65088BE71DD1C61A00B37BDA /* Info.plist */,
			);
			path = ToDoListUITests;
			sourceTree = "<group>";
		};
		65088BF31DD1CA0600B37BDA /* Controls */ = {
			isa = PBXGroup;
			children = (
				65088BC61DD1C61A00B37BDA /* ToDoListMainController.h */,
				65088BC71DD1C61A00B37BDA /* ToDoListMainController.m */,
				65FE94E61DD2B85900BEF24C /* AddItemViewController.h */,
				65FE94E71DD2B8AA00BEF24C /* AddItemViewController.m */,
				65088BC91DD1C61A00B37BDA /* ToDoListMainStoryboard.storyboard */,
			);
			name = Controls;
			sourceTree = "<group>";
		};
		65088BF41DD1CA1600B37BDA /* Models */ = {
			isa = PBXGroup;
			children = (
				657A793B1DD2EC3100C8585B /* ToDoListItemEntity.h */,
				657A793D1DD2EC6B00C8585B /* ToDoListItemEntity.m */,
			);
			name = Models;
			sourceTree = "<group>";
		};
		65088BF51DD1CA2200B37BDA /* Services */ = {
			isa = PBXGroup;
			children = (
				657A79471DD2F83E00C8585B /* ToDoListService.h */,
				657A79491DD2F8DB00C8585B /* ToDoListService.m */,
			);
			name = Services;
			sourceTree = "<group>";
		};
		65088BF61DD1CB6300B37BDA /* Stores */ = {
			isa = PBXGroup;
			children = (
				657A79431DD2F44A00C8585B /* Common */,
				657A793F1DD2F36C00C8585B /* ToDoListStore.h */,
				657A79411DD2F3E200C8585B /* ToDoListStore.m */,
			);
			name = Stores;
			sourceTree = "<group>";
		};
		65088BF71DD1CB8800B37BDA /* Views */ = {
			isa = PBXGroup;
			children = (
				657A79371DD2D51700C8585B /* ToDoItemCell.h */,
				657A79391DD2D58900C8585B /* ToDoItemCell.m */,
				65088BFF1DD2A6E900B37BDA /* ToDoItemCell.xib */,
			);
			name = Views;
			sourceTree = "<group>";
		};
		657A79431DD2F44A00C8585B /* Common */ = {
			isa = PBXGroup;
			children = (
				657A79441DD2F46600C8585B /* ReamlStoreBase.h */,
				657A79451DD2F47000C8585B /* ReamlStoreBase.m */,
			);
			name = Common;
			sourceTree = "<group>";
		};
		7FE84A42B19CECE24D1EC171 /* Pods */ = {
			isa = PBXGroup;
			children = (
				F5305C6945C710B442254564 /* Pods-ToDoList.debug.xcconfig */,
				07A1AC47024488742745CE5A /* Pods-ToDoList.release.xcconfig */,
				582D1512B519D21A31BFCF37 /* Pods-ToDoList-ToDoListTests.debug.xcconfig */,
				89134ACF2B4DA2992141F1FE /* Pods-ToDoList-ToDoListTests.release.xcconfig */,
				1CB55D2669E0BBE0393DE9FE /* Pods-ToDoList-ToDoListUITests.debug.xcconfig */,
				4DA823B0C8E48B0ADC3A8096 /* Pods-ToDoList-ToDoListUITests.release.xcconfig */,
			);
			name = Pods;
			sourceTree = "<group>";
		};
		9B104E670906961688066E5B /* Frameworks */ = {
			isa = PBXGroup;
			children = (
				345B7F09FBF4C00AC0D8BE72 /* Pods_ToDoList.framework */,
				799B6922723DDEF1ED7EC993 /* Pods_ToDoList_ToDoListTests.framework */,
				CE64204C0A17E9CDFD09CA53 /* Pods_ToDoList_ToDoListUITests.framework */,
			);
			name = Frameworks;
			sourceTree = "<group>";
		};
/* End PBXGroup section */

/* Begin PBXNativeTarget section */
		65088BBC1DD1C61A00B37BDA /* ToDoList */ = {
			isa = PBXNativeTarget;
			buildConfigurationList = 65088BEA1DD1C61A00B37BDA /* Build configuration list for PBXNativeTarget "ToDoList" */;
			buildPhases = (
				AE12DC1B081FA8744DB5B501 /* [CP] Check Pods Manifest.lock */,
				65088BB91DD1C61A00B37BDA /* Sources */,
				65088BBA1DD1C61A00B37BDA /* Frameworks */,
				65088BBB1DD1C61A00B37BDA /* Resources */,
				AB24A50F6BAF9A2EAF9A54DA /* [CP] Embed Pods Frameworks */,
				F2416FE20274A1DAFE9931F4 /* [CP] Copy Pods Resources */,
			);
			buildRules = (
			);
			dependencies = (
			);
			name = ToDoList;
			productName = ToDoList;
			productReference = 65088BBD1DD1C61A00B37BDA /* ToDoList.app */;
			productType = "com.apple.product-type.application";
		};
		65088BD51DD1C61A00B37BDA /* ToDoListTests */ = {
			isa = PBXNativeTarget;
			buildConfigurationList = 65088BED1DD1C61A00B37BDA /* Build configuration list for PBXNativeTarget "ToDoListTests" */;
			buildPhases = (
				7C939AD6CA6D55A9313FE0C6 /* [CP] Check Pods Manifest.lock */,
				65088BD21DD1C61A00B37BDA /* Sources */,
				65088BD31DD1C61A00B37BDA /* Frameworks */,
				65088BD41DD1C61A00B37BDA /* Resources */,
				2835341431C77D587888396F /* [CP] Embed Pods Frameworks */,
				6268C6A5E1A46E392FC3005A /* [CP] Copy Pods Resources */,
			);
			buildRules = (
			);
			dependencies = (
				65088BD81DD1C61A00B37BDA /* PBXTargetDependency */,
			);
			name = ToDoListTests;
			productName = ToDoListTests;
			productReference = 65088BD61DD1C61A00B37BDA /* ToDoListTests.xctest */;
			productType = "com.apple.product-type.bundle.unit-test";
		};
		65088BE01DD1C61A00B37BDA /* ToDoListUITests */ = {
			isa = PBXNativeTarget;
			buildConfigurationList = 65088BF01DD1C61A00B37BDA /* Build configuration list for PBXNativeTarget "ToDoListUITests" */;
			buildPhases = (
				FEDB4A11D33F5680F928BEEE /* [CP] Check Pods Manifest.lock */,
				65088BDD1DD1C61A00B37BDA /* Sources */,
				65088BDE1DD1C61A00B37BDA /* Frameworks */,
				65088BDF1DD1C61A00B37BDA /* Resources */,
				657BF133AF4CA43922AFD799 /* [CP] Embed Pods Frameworks */,
				EAAEFA9CD11F18E8DA0A306A /* [CP] Copy Pods Resources */,
			);
			buildRules = (
			);
			dependencies = (
				65088BE31DD1C61A00B37BDA /* PBXTargetDependency */,
			);
			name = ToDoListUITests;
			productName = ToDoListUITests;
			productReference = 65088BE11DD1C61A00B37BDA /* ToDoListUITests.xctest */;
			productType = "com.apple.product-type.bundle.ui-testing";
		};
/* End PBXNativeTarget section */

/* Begin PBXProject section */
		65088BB51DD1C61A00B37BDA /* Project object */ = {
			isa = PBXProject;
			attributes = {
				LastUpgradeCheck = 0810;
				ORGANIZATIONNAME = "マイン・グエン・フー";
				TargetAttributes = {
					65088BBC1DD1C61A00B37BDA = {
						CreatedOnToolsVersion = 8.1;
						DevelopmentTeam = HGCR863VS9;
						ProvisioningStyle = Automatic;
					};
					65088BD51DD1C61A00B37BDA = {
						CreatedOnToolsVersion = 8.1;
						ProvisioningStyle = Automatic;
						TestTargetID = 65088BBC1DD1C61A00B37BDA;
					};
					65088BE01DD1C61A00B37BDA = {
						CreatedOnToolsVersion = 8.1;
						ProvisioningStyle = Automatic;
						TestTargetID = 65088BBC1DD1C61A00B37BDA;
					};
				};
			};
			buildConfigurationList = 65088BB81DD1C61A00B37BDA /* Build configuration list for PBXProject "ToDoList" */;
			compatibilityVersion = "Xcode 3.2";
			developmentRegion = English;
			hasScannedForEncodings = 0;
			knownRegions = (
				en,
				Base,
			);
			mainGroup = 65088BB41DD1C61A00B37BDA;
			productRefGroup = 65088BBE1DD1C61A00B37BDA /* Products */;
			projectDirPath = "";
			projectRoot = "";
			targets = (
				65088BBC1DD1C61A00B37BDA /* ToDoList */,
				65088BD51DD1C61A00B37BDA /* ToDoListTests */,
				65088BE01DD1C61A00B37BDA /* ToDoListUITests */,
			);
		};
/* End PBXProject section */

/* Begin PBXResourcesBuildPhase section */
		65088BBB1DD1C61A00B37BDA /* Resources */ = {
			isa = PBXResourcesBuildPhase;
			buildActionMask = 2147483647;
			files = (
				65088C001DD2A6E900B37BDA /* ToDoItemCell.xib in Resources */,
				65088BCD1DD1C61A00B37BDA /* Assets.xcassets in Resources */,
				65088BCB1DD1C61A00B37BDA /* ToDoListMainStoryboard.storyboard in Resources */,
			);
			runOnlyForDeploymentPostprocessing = 0;
		};
		65088BD41DD1C61A00B37BDA /* Resources */ = {
			isa = PBXResourcesBuildPhase;
			buildActionMask = 2147483647;
			files = (
			);
			runOnlyForDeploymentPostprocessing = 0;
		};
		65088BDF1DD1C61A00B37BDA /* Resources */ = {
			isa = PBXResourcesBuildPhase;
			buildActionMask = 2147483647;
			files = (
			);
			runOnlyForDeploymentPostprocessing = 0;
		};
/* End PBXResourcesBuildPhase section */

/* Begin PBXShellScriptBuildPhase section */
		2835341431C77D587888396F /* [CP] Embed Pods Frameworks */ = {
			isa = PBXShellScriptBuildPhase;
			buildActionMask = 2147483647;
			files = (
			);
			inputPaths = (
			);
			name = "[CP] Embed Pods Frameworks";
			outputPaths = (
			);
			runOnlyForDeploymentPostprocessing = 0;
			shellPath = /bin/sh;
			shellScript = "\"${SRCROOT}/Pods/Target Support Files/Pods-ToDoList-ToDoListTests/Pods-ToDoList-ToDoListTests-frameworks.sh\"\n";
			showEnvVarsInLog = 0;
		};
		6268C6A5E1A46E392FC3005A /* [CP] Copy Pods Resources */ = {
			isa = PBXShellScriptBuildPhase;
			buildActionMask = 2147483647;
			files = (
			);
			inputPaths = (
			);
			name = "[CP] Copy Pods Resources";
			outputPaths = (
			);
			runOnlyForDeploymentPostprocessing = 0;
			shellPath = /bin/sh;
			shellScript = "\"${SRCROOT}/Pods/Target Support Files/Pods-ToDoList-ToDoListTests/Pods-ToDoList-ToDoListTests-resources.sh\"\n";
			showEnvVarsInLog = 0;
		};
		657BF133AF4CA43922AFD799 /* [CP] Embed Pods Frameworks */ = {
			isa = PBXShellScriptBuildPhase;
			buildActionMask = 2147483647;
			files = (
			);
			inputPaths = (
			);
			name = "[CP] Embed Pods Frameworks";
			outputPaths = (
			);
			runOnlyForDeploymentPostprocessing = 0;
			shellPath = /bin/sh;
			shellScript = "\"${SRCROOT}/Pods/Target Support Files/Pods-ToDoList-ToDoListUITests/Pods-ToDoList-ToDoListUITests-frameworks.sh\"\n";
			showEnvVarsInLog = 0;
		};
		7C939AD6CA6D55A9313FE0C6 /* [CP] Check Pods Manifest.lock */ = {
			isa = PBXShellScriptBuildPhase;
			buildActionMask = 2147483647;
			files = (
			);
			inputPaths = (
			);
			name = "[CP] Check Pods Manifest.lock";
			outputPaths = (
			);
			runOnlyForDeploymentPostprocessing = 0;
			shellPath = /bin/sh;
			shellScript = "diff \"${PODS_ROOT}/../Podfile.lock\" \"${PODS_ROOT}/Manifest.lock\" > /dev/null\nif [ $? != 0 ] ; then\n    # print error to STDERR\n    echo \"error: The sandbox is not in sync with the Podfile.lock. Run 'pod install' or update your CocoaPods installation.\" >&2\n    exit 1\nfi\n";
			showEnvVarsInLog = 0;
		};
		AB24A50F6BAF9A2EAF9A54DA /* [CP] Embed Pods Frameworks */ = {
			isa = PBXShellScriptBuildPhase;
			buildActionMask = 2147483647;
			files = (
			);
			inputPaths = (
			);
			name = "[CP] Embed Pods Frameworks";
			outputPaths = (
			);
			runOnlyForDeploymentPostprocessing = 0;
			shellPath = /bin/sh;
			shellScript = "\"${SRCROOT}/Pods/Target Support Files/Pods-ToDoList/Pods-ToDoList-frameworks.sh\"\n";
			showEnvVarsInLog = 0;
		};
		AE12DC1B081FA8744DB5B501 /* [CP] Check Pods Manifest.lock */ = {
			isa = PBXShellScriptBuildPhase;
			buildActionMask = 2147483647;
			files = (
			);
			inputPaths = (
			);
			name = "[CP] Check Pods Manifest.lock";
			outputPaths = (
			);
			runOnlyForDeploymentPostprocessing = 0;
			shellPath = /bin/sh;
			shellScript = "diff \"${PODS_ROOT}/../Podfile.lock\" \"${PODS_ROOT}/Manifest.lock\" > /dev/null\nif [ $? != 0 ] ; then\n    # print error to STDERR\n    echo \"error: The sandbox is not in sync with the Podfile.lock. Run 'pod install' or update your CocoaPods installation.\" >&2\n    exit 1\nfi\n";
			showEnvVarsInLog = 0;
		};
		EAAEFA9CD11F18E8DA0A306A /* [CP] Copy Pods Resources */ = {
			isa = PBXShellScriptBuildPhase;
			buildActionMask = 2147483647;
			files = (
			);
			inputPaths = (
			);
			name = "[CP] Copy Pods Resources";
			outputPaths = (
			);
			runOnlyForDeploymentPostprocessing = 0;
			shellPath = /bin/sh;
			shellScript = "\"${SRCROOT}/Pods/Target Support Files/Pods-ToDoList-ToDoListUITests/Pods-ToDoList-ToDoListUITests-resources.sh\"\n";
			showEnvVarsInLog = 0;
		};
		F2416FE20274A1DAFE9931F4 /* [CP] Copy Pods Resources */ = {
			isa = PBXShellScriptBuildPhase;
			buildActionMask = 2147483647;
			files = (
			);
			inputPaths = (
			);
			name = "[CP] Copy Pods Resources";
			outputPaths = (
			);
			runOnlyForDeploymentPostprocessing = 0;
			shellPath = /bin/sh;
			shellScript = "\"${SRCROOT}/Pods/Target Support Files/Pods-ToDoList/Pods-ToDoList-resources.sh\"\n";
			showEnvVarsInLog = 0;
		};
		FEDB4A11D33F5680F928BEEE /* [CP] Check Pods Manifest.lock */ = {
			isa = PBXShellScriptBuildPhase;
			buildActionMask = 2147483647;
			files = (
			);
			inputPaths = (
			);
			name = "[CP] Check Pods Manifest.lock";
			outputPaths = (
			);
			runOnlyForDeploymentPostprocessing = 0;
			shellPath = /bin/sh;
			shellScript = "diff \"${PODS_ROOT}/../Podfile.lock\" \"${PODS_ROOT}/Manifest.lock\" > /dev/null\nif [ $? != 0 ] ; then\n    # print error to STDERR\n    echo \"error: The sandbox is not in sync with the Podfile.lock. Run 'pod install' or update your CocoaPods installation.\" >&2\n    exit 1\nfi\n";
			showEnvVarsInLog = 0;
		};
/* End PBXShellScriptBuildPhase section */

/* Begin PBXSourcesBuildPhase section */
		65088BB91DD1C61A00B37BDA /* Sources */ = {
			isa = PBXSourcesBuildPhase;
			buildActionMask = 2147483647;
			files = (
				657A79461DD2F47000C8585B /* ReamlStoreBase.m in Sources */,
				657A794A1DD2F8DB00C8585B /* ToDoListService.m in Sources */,
				65088BC81DD1C61A00B37BDA /* ToDoListMainController.m in Sources */,
				657A79401DD2F36C00C8585B /* ToDoListStore.h in Sources */,
				657A79481DD2F83E00C8585B /* ToDoListService.h in Sources */,
				65FE94E81DD2B8AA00BEF24C /* AddItemViewController.m in Sources */,
				657A793E1DD2EC6B00C8585B /* ToDoListItemEntity.m in Sources */,
				657A793C1DD2EC3100C8585B /* ToDoListItemEntity.h in Sources */,
				657A79381DD2D51700C8585B /* ToDoItemCell.h in Sources */,
				65088BC51DD1C61A00B37BDA /* AppDelegate.m in Sources */,
				657A793A1DD2D58900C8585B /* ToDoItemCell.m in Sources */,
				65088BC21DD1C61A00B37BDA /* main.m in Sources */,
				657A79421DD2F3E200C8585B /* ToDoListStore.m in Sources */,
			);
			runOnlyForDeploymentPostprocessing = 0;
		};
		65088BD21DD1C61A00B37BDA /* Sources */ = {
			isa = PBXSourcesBuildPhase;
			buildActionMask = 2147483647;
			files = (
				65088BDB1DD1C61A00B37BDA /* ToDoListTests.m in Sources */,
			);
			runOnlyForDeploymentPostprocessing = 0;
		};
		65088BDD1DD1C61A00B37BDA /* Sources */ = {
			isa = PBXSourcesBuildPhase;
			buildActionMask = 2147483647;
			files = (
				65088BE61DD1C61A00B37BDA /* ToDoListUITests.m in Sources */,
			);
			runOnlyForDeploymentPostprocessing = 0;
		};
/* End PBXSourcesBuildPhase section */

/* Begin PBXTargetDependency section */
		65088BD81DD1C61A00B37BDA /* PBXTargetDependency */ = {
			isa = PBXTargetDependency;
			target = 65088BBC1DD1C61A00B37BDA /* ToDoList */;
			targetProxy = 65088BD71DD1C61A00B37BDA /* PBXContainerItemProxy */;
		};
		65088BE31DD1C61A00B37BDA /* PBXTargetDependency */ = {
			isa = PBXTargetDependency;
			target = 65088BBC1DD1C61A00B37BDA /* ToDoList */;
			targetProxy = 65088BE21DD1C61A00B37BDA /* PBXContainerItemProxy */;
		};
/* End PBXTargetDependency section */

/* Begin PBXVariantGroup section */
		65088BC91DD1C61A00B37BDA /* ToDoListMainStoryboard.storyboard */ = {
			isa = PBXVariantGroup;
			children = (
				65088BCA1DD1C61A00B37BDA /* Base */,
			);
			name = ToDoListMainStoryboard.storyboard;
			sourceTree = "<group>";
		};
/* End PBXVariantGroup section */

/* Begin XCBuildConfiguration section */
		65088BE81DD1C61A00B37BDA /* Debug */ = {
			isa = XCBuildConfiguration;
			buildSettings = {
				ALWAYS_SEARCH_USER_PATHS = NO;
				CLANG_ANALYZER_NONNULL = YES;
				CLANG_CXX_LANGUAGE_STANDARD = "gnu++0x";
				CLANG_CXX_LIBRARY = "libc++";
				CLANG_ENABLE_MODULES = YES;
				CLANG_ENABLE_OBJC_ARC = YES;
				CLANG_WARN_BOOL_CONVERSION = YES;
				CLANG_WARN_CONSTANT_CONVERSION = YES;
				CLANG_WARN_DIRECT_OBJC_ISA_USAGE = YES_ERROR;
				CLANG_WARN_DOCUMENTATION_COMMENTS = YES;
				CLANG_WARN_EMPTY_BODY = YES;
				CLANG_WARN_ENUM_CONVERSION = YES;
				CLANG_WARN_INFINITE_RECURSION = YES;
				CLANG_WARN_INT_CONVERSION = YES;
				CLANG_WARN_OBJC_ROOT_CLASS = YES_ERROR;
				CLANG_WARN_SUSPICIOUS_MOVES = YES;
				CLANG_WARN_UNREACHABLE_CODE = YES;
				CLANG_WARN__DUPLICATE_METHOD_MATCH = YES;
				"CODE_SIGN_IDENTITY[sdk=iphoneos*]" = "iPhone Developer";
				COPY_PHASE_STRIP = NO;
				DEBUG_INFORMATION_FORMAT = dwarf;
				ENABLE_STRICT_OBJC_MSGSEND = YES;
				ENABLE_TESTABILITY = YES;
				GCC_C_LANGUAGE_STANDARD = gnu99;
				GCC_DYNAMIC_NO_PIC = NO;
				GCC_NO_COMMON_BLOCKS = YES;
				GCC_OPTIMIZATION_LEVEL = 0;
				GCC_PREPROCESSOR_DEFINITIONS = (
					"DEBUG=1",
					"$(inherited)",
				);
				GCC_WARN_64_TO_32_BIT_CONVERSION = YES;
				GCC_WARN_ABOUT_RETURN_TYPE = YES_ERROR;
				GCC_WARN_UNDECLARED_SELECTOR = YES;
				GCC_WARN_UNINITIALIZED_AUTOS = YES_AGGRESSIVE;
				GCC_WARN_UNUSED_FUNCTION = YES;
				GCC_WARN_UNUSED_VARIABLE = YES;
				IPHONEOS_DEPLOYMENT_TARGET = 10.1;
				MTL_ENABLE_DEBUG_INFO = YES;
				ONLY_ACTIVE_ARCH = YES;
				SDKROOT = iphoneos;
				TARGETED_DEVICE_FAMILY = "1,2";
			};
			name = Debug;
		};
		65088BE91DD1C61A00B37BDA /* Release */ = {
			isa = XCBuildConfiguration;
			buildSettings = {
				ALWAYS_SEARCH_USER_PATHS = NO;
				CLANG_ANALYZER_NONNULL = YES;
				CLANG_CXX_LANGUAGE_STANDARD = "gnu++0x";
				CLANG_CXX_LIBRARY = "libc++";
				CLANG_ENABLE_MODULES = YES;
				CLANG_ENABLE_OBJC_ARC = YES;
				CLANG_WARN_BOOL_CONVERSION = YES;
				CLANG_WARN_CONSTANT_CONVERSION = YES;
				CLANG_WARN_DIRECT_OBJC_ISA_USAGE = YES_ERROR;
				CLANG_WARN_DOCUMENTATION_COMMENTS = YES;
				CLANG_WARN_EMPTY_BODY = YES;
				CLANG_WARN_ENUM_CONVERSION = YES;
				CLANG_WARN_INFINITE_RECURSION = YES;
				CLANG_WARN_INT_CONVERSION = YES;
				CLANG_WARN_OBJC_ROOT_CLASS = YES_ERROR;
				CLANG_WARN_SUSPICIOUS_MOVES = YES;
				CLANG_WARN_UNREACHABLE_CODE = YES;
				CLANG_WARN__DUPLICATE_METHOD_MATCH = YES;
				"CODE_SIGN_IDENTITY[sdk=iphoneos*]" = "iPhone Developer";
				COPY_PHASE_STRIP = NO;
				DEBUG_INFORMATION_FORMAT = "dwarf-with-dsym";
				ENABLE_NS_ASSERTIONS = NO;
				ENABLE_STRICT_OBJC_MSGSEND = YES;
				GCC_C_LANGUAGE_STANDARD = gnu99;
				GCC_NO_COMMON_BLOCKS = YES;
				GCC_WARN_64_TO_32_BIT_CONVERSION = YES;
				GCC_WARN_ABOUT_RETURN_TYPE = YES_ERROR;
				GCC_WARN_UNDECLARED_SELECTOR = YES;
				GCC_WARN_UNINITIALIZED_AUTOS = YES_AGGRESSIVE;
				GCC_WARN_UNUSED_FUNCTION = YES;
				GCC_WARN_UNUSED_VARIABLE = YES;
				IPHONEOS_DEPLOYMENT_TARGET = 10.1;
				MTL_ENABLE_DEBUG_INFO = NO;
				SDKROOT = iphoneos;
				TARGETED_DEVICE_FAMILY = "1,2";
				VALIDATE_PRODUCT = YES;
			};
			name = Release;
		};
		65088BEB1DD1C61A00B37BDA /* Debug */ = {
			isa = XCBuildConfiguration;
			baseConfigurationReference = F5305C6945C710B442254564 /* Pods-ToDoList.debug.xcconfig */;
			buildSettings = {
				ASSETCATALOG_COMPILER_APPICON_NAME = AppIcon;
				DEVELOPMENT_TEAM = HGCR863VS9;
				INFOPLIST_FILE = ToDoList/Info.plist;
				LD_RUNPATH_SEARCH_PATHS = "$(inherited) @executable_path/Frameworks";
				PRODUCT_BUNDLE_IDENTIFIER = NguyenHuuManh.ToDoList;
				PRODUCT_NAME = "$(TARGET_NAME)";
			};
			name = Debug;
		};
		65088BEC1DD1C61A00B37BDA /* Release */ = {
			isa = XCBuildConfiguration;
			baseConfigurationReference = 07A1AC47024488742745CE5A /* Pods-ToDoList.release.xcconfig */;
			buildSettings = {
				ASSETCATALOG_COMPILER_APPICON_NAME = AppIcon;
				DEVELOPMENT_TEAM = HGCR863VS9;
				INFOPLIST_FILE = ToDoList/Info.plist;
				LD_RUNPATH_SEARCH_PATHS = "$(inherited) @executable_path/Frameworks";
				PRODUCT_BUNDLE_IDENTIFIER = NguyenHuuManh.ToDoList;
				PRODUCT_NAME = "$(TARGET_NAME)";
			};
			name = Release;
		};
		65088BEE1DD1C61A00B37BDA /* Debug */ = {
			isa = XCBuildConfiguration;
			baseConfigurationReference = 582D1512B519D21A31BFCF37 /* Pods-ToDoList-ToDoListTests.debug.xcconfig */;
			buildSettings = {
				BUNDLE_LOADER = "$(TEST_HOST)";
				INFOPLIST_FILE = ToDoListTests/Info.plist;
				LD_RUNPATH_SEARCH_PATHS = "$(inherited) @executable_path/Frameworks @loader_path/Frameworks";
				PRODUCT_BUNDLE_IDENTIFIER = NguyenHuuManh.ToDoListTests;
				PRODUCT_NAME = "$(TARGET_NAME)";
				TEST_HOST = "$(BUILT_PRODUCTS_DIR)/ToDoList.app/ToDoList";
			};
			name = Debug;
		};
		65088BEF1DD1C61A00B37BDA /* Release */ = {
			isa = XCBuildConfiguration;
			baseConfigurationReference = 89134ACF2B4DA2992141F1FE /* Pods-ToDoList-ToDoListTests.release.xcconfig */;
			buildSettings = {
				BUNDLE_LOADER = "$(TEST_HOST)";
				INFOPLIST_FILE = ToDoListTests/Info.plist;
				LD_RUNPATH_SEARCH_PATHS = "$(inherited) @executable_path/Frameworks @loader_path/Frameworks";
				PRODUCT_BUNDLE_IDENTIFIER = NguyenHuuManh.ToDoListTests;
				PRODUCT_NAME = "$(TARGET_NAME)";
				TEST_HOST = "$(BUILT_PRODUCTS_DIR)/ToDoList.app/ToDoList";
			};
			name = Release;
		};
		65088BF11DD1C61A00B37BDA /* Debug */ = {
			isa = XCBuildConfiguration;
			baseConfigurationReference = 1CB55D2669E0BBE0393DE9FE /* Pods-ToDoList-ToDoListUITests.debug.xcconfig */;
			buildSettings = {
				INFOPLIST_FILE = ToDoListUITests/Info.plist;
				LD_RUNPATH_SEARCH_PATHS = "$(inherited) @executable_path/Frameworks @loader_path/Frameworks";
				PRODUCT_BUNDLE_IDENTIFIER = NguyenHuuManh.ToDoListUITests;
				PRODUCT_NAME = "$(TARGET_NAME)";
				TEST_TARGET_NAME = ToDoList;
			};
			name = Debug;
		};
		65088BF21DD1C61A00B37BDA /* Release */ = {
			isa = XCBuildConfiguration;
			baseConfigurationReference = 4DA823B0C8E48B0ADC3A8096 /* Pods-ToDoList-ToDoListUITests.release.xcconfig */;
			buildSettings = {
				INFOPLIST_FILE = ToDoListUITests/Info.plist;
				LD_RUNPATH_SEARCH_PATHS = "$(inherited) @executable_path/Frameworks @loader_path/Frameworks";
				PRODUCT_BUNDLE_IDENTIFIER = NguyenHuuManh.ToDoListUITests;
				PRODUCT_NAME = "$(TARGET_NAME)";
				TEST_TARGET_NAME = ToDoList;
			};
			name = Release;
		};
/* End XCBuildConfiguration section */

/* Begin XCConfigurationList section */
		65088BB81DD1C61A00B37BDA /* Build configuration list for PBXProject "ToDoList" */ = {
			isa = XCConfigurationList;
			buildConfigurations = (
				65088BE81DD1C61A00B37BDA /* Debug */,
				65088BE91DD1C61A00B37BDA /* Release */,
			);
			defaultConfigurationIsVisible = 0;
			defaultConfigurationName = Release;
		};
		65088BEA1DD1C61A00B37BDA /* Build configuration list for PBXNativeTarget "ToDoList" */ = {
			isa = XCConfigurationList;
			buildConfigurations = (
				65088BEB1DD1C61A00B37BDA /* Debug */,
				65088BEC1DD1C61A00B37BDA /* Release */,
			);
			defaultConfigurationIsVisible = 0;
			defaultConfigurationName = Release;
		};
		65088BED1DD1C61A00B37BDA /* Build configuration list for PBXNativeTarget "ToDoListTests" */ = {
			isa = XCConfigurationList;
			buildConfigurations = (
				65088BEE1DD1C61A00B37BDA /* Debug */,
				65088BEF1DD1C61A00B37BDA /* Release */,
			);
			defaultConfigurationIsVisible = 0;
			defaultConfigurationName = Release;
		};
		65088BF01DD1C61A00B37BDA /* Build configuration list for PBXNativeTarget "ToDoListUITests" */ = {
			isa = XCConfigurationList;
			buildConfigurations = (
				65088BF11DD1C61A00B37BDA /* Debug */,
				65088BF21DD1C61A00B37BDA /* Release */,
			);
			defaultConfigurationIsVisible = 0;
			defaultConfigurationName = Release;
		};
/* End XCConfigurationList section */
	};
	rootObject = 65088BB51DD1C61A00B37BDA /* Project object */;
}
